# THIS IS AN AUTOGENERATED FILE. DO NOT EDIT THIS FILE DIRECTLY.
# yarn lockfile v1


"@bufbuild/protobuf@^2.0.0", "@bufbuild/protobuf@^2.10.2":
  version "2.13.0"
  resolved "https://registry.npmjs.org/@bufbuild/protobuf/-/protobuf-2.13.0.tgz"
  integrity sha512-acq7c49vxfm1ggJ95P70TX7ABDM0vxr1SYD3BB0o0jnBLB4OAqeHyKuN+cD3w80gXEDQ2zxHpR6CUeA+O/aU9g==

"@oxc-project/types@=0.139.0":
  version "0.139.0"
  resolved "https://registry.npmjs.org/@oxc-project/types/-/types-0.139.0.tgz"
  integrity sha512-r9gHphtCs+1M7J0pw6Sn/hh/Wpa/iQrOOkrNAlVLF/gHq+/CJmHIWKKUUhdWjcD6CIa8idarspCsASiXCXvFUw==

"@rolldown/binding-darwin-arm64@1.1.5":
  version "1.1.5"
  resolved "https://registry.npmjs.org/@rolldown/binding-darwin-arm64/-/binding-darwin-arm64-1.1.5.tgz"
  integrity sha512-51Bnx9pNiMRKSUNtBfySkNJ9vMU9Hh3I1ozDd6gyPPYzaXCfnptUcEZxXGYFn+ul2dtcMUiqGR1Yai2K10uoTw==

"@rolldown/pluginutils@^1.0.0":
  version "1.0.1"
  resolved "https://registry.npmjs.org/@rolldown/pluginutils/-/pluginutils-1.0.1.tgz"
  integrity sha512-2j9bGt5Jh8hj+vPtgzPtl72j0yRxHAyumoo6TNfAjsLB04UtpSvPbPcDcBMxz7n+9CYB0c1GxQFxYRg2jimqGw==

case-anything@^2.1.13:
  version "2.1.13"
  resolved "https://registry.npmjs.org/case-anything/-/case-anything-2.1.13.tgz"
  integrity sha512-zlOQ80VrQ2Ue+ymH5OuM/DlDq64mEm+B9UTdHULv5osUMD6HalNTblf2b1u/m6QecjsnOkBpqVZ+XPwIVsy7Ng==

detect-libc@^1.0.3:
  version "1.0.3"
  resolved "https://registry.npmjs.org/detect-libc/-/detect-libc-1.0.3.tgz"
  integrity sha512-pGjwhsmsp4kL2RTz08wcOlGN83otlqHeD/Z5T8GXZB+/YcpQ/dgo+lbU8ZsGxV0HIvqqxo9l7mqYwyYMD9bKDg==

detect-libc@^2.0.3:
  version "2.1.2"
  resolved "https://registry.npmjs.org/detect-libc/-/detect-libc-2.1.2.tgz"
  integrity sha512-Btj2BOOO83o3WyH59e8MgXsxEQVcarkUOpEYrubB0urwnN10yQ364rsiByU11nZlqWYZm05i/of7io4mzihBtQ==

dprint-node@^1.0.8:
  version "1.0.8"
  resolved "https://registry.npmjs.org/dprint-node/-/dprint-node-1.0.8.tgz"
  integrity sha512-iVKnUtYfGrYcW1ZAlfR/F59cUVL8QIhWoBJoSjkkdua/dkWIgjZfiLMeTjiB06X0ZLkQ0M2C1VbUj/CxkIf1zg==
  dependencies:
    detect-libc "^1.0.3"

fast-sha256@1.3.0:
  version "1.3.0"
  resolved "https://registry.npmjs.org/fast-sha256/-/fast-sha256-1.3.0.tgz"
  integrity sha512-n11RGP/lrWEFI/bWdygLxhI+pVeo1ZYIVwvvPkW7azl/rOy+F3HYRZ2K5zeE9mmkhQppyv9sQFx0JM9UabnpPQ==

fdir@^6.5.0:
  version "6.5.0"
  resolved "https://registry.npmjs.org/fdir/-/fdir-6.5.0.tgz"
  integrity sha512-tIbYtZbucOs0BRGqPJkshJUYdL+SDH7dVM8gjy+ERp3WAUjLEFJE+02kanyHtwjWOnwrKYBiwAmM0p4kLJAnXg==

fsevents@~2.3.3:
  version "2.3.3"
  resolved "https://registry.npmjs.org/fsevents/-/fsevents-2.3.3.tgz"
  integrity sha512-5xoDfX+fL7faATnagmWPpbFtwh/R77WmMMqqHGS65C3vvB0YHrgF+B1YmZ3441tMj5n63k0212XNoJwzlhffQw==

libsodium-wrappers@0.8.4:
  version "0.8.4"
  resolved "https://registry.npmjs.org/libsodium-wrappers/-/libsodium-wrappers-0.8.4.tgz"
  integrity sha512-mu8aAWucZjTB5O/BtGXtW4e1agy7uHxNYG7zPthmmD1jU43LCDmSWZLN4JhflbdPXj3yDO4lxM1O9hLDgIOXDw==
  dependencies:
    libsodium "^0.8.0"

libsodium@^0.8.0, libsodium@0.8.4:
  version "0.8.4"
  resolved "https://registry.npmjs.org/libsodium/-/libsodium-0.8.4.tgz"
  integrity sha512-lMcYaRi0zcs7tarATsQUYC7rstliIXZuoq0c6zXSgNtSNtdvBgkSegjWhpMJAXzKX3SUSwIp7+zEsob+j3LuRw==

lightningcss-darwin-arm64@1.33.0:
  version "1.33.0"
  resolved "https://registry.npmjs.org/lightningcss-darwin-arm64/-/lightningcss-darwin-arm64-1.33.0.tgz"
  integrity sha512-Sciaz8eenNTKn9b3t7+xr0ipTp9YxKQY4npwQ3mrRuL0BAVHBLyZxofhaKBAVtzmtRZ/zTyo0/to4B1uWG/Djg==

lightningcss@^1.32.0:
  version "1.33.0"
  resolved "https://registry.npmjs.org/lightningcss/-/lightningcss-1.33.0.tgz"
  integrity sha512-WkUDrojuJs0xkgGf2udWxa3yGBRxPtxUkB79i6aCZLRgc7PM8fZe9TosfPDcvEpQZbuFASnHYmRLBLUbmLOIIA==
  dependencies:
    detect-libc "^2.0.3"
  optionalDependencies:
    lightningcss-android-arm64 "1.33.0"
    lightningcss-darwin-arm64 "1.33.0"
    lightningcss-darwin-x64 "1.33.0"
    lightningcss-freebsd-x64 "1.33.0"
    lightningcss-linux-arm-gnueabihf "1.33.0"
    lightningcss-linux-arm64-gnu "1.33.0"
    lightningcss-linux-arm64-musl "1.33.0"
    lightningcss-linux-x64-gnu "1.33.0"
    lightningcss-linux-x64-musl "1.33.0"
    lightningcss-win32-arm64-msvc "1.33.0"
    lightningcss-win32-x64-msvc "1.33.0"

long@^5.3.2:
  version "5.3.2"
  resolved "https://registry.npmjs.org/long/-/long-5.3.2.tgz"
  integrity sha512-mNAgZ1GmyNhD7AuqnTG3/VQ26o760+ZYBPKjPvugO8+nLbYfX6TVpJPseBvopbdY+qpZ/lKUnmEc1LeZYS3QAA==

nanoid@^3.3.16:
  version "3.3.16"
  resolved "https://registry.npmjs.org/nanoid/-/nanoid-3.3.16.tgz"
  integrity sha512-bzlKTyNJ7+LdGIIwy8ijFpIqEQIvafahV7eYykJ8Cvh42EdJeODoJ6gUJXpQJvej1BddH8OqTXZNE/KfbWAu8Q==

pcm-player@0.0.18:
  version "0.0.18"
  resolved "https://registry.npmjs.org/pcm-player/-/pcm-player-0.0.18.tgz"
  integrity sha512-kRamagzBRlcLORBlLxb4UADPwqyGOiGgkzhZsIwtMGS7n6Hlp7h44PaEL8TIybzSkyMcIvvsQjUCuphW+aeDkg==

picocolors@^1.1.1:
  version "1.1.1"
  resolved "https://registry.npmjs.org/picocolors/-/picocolors-1.1.1.tgz"
  integrity sha512-xceH2snhtb5M9liqDsmEw56le376mTZkEX/jEb/RxNFyegNul7eNslCXP9FDj/Lcu0X8KEyMceP2ntpaHrDEVA==

"picomatch@^3 || ^4", picomatch@^4.0.4, picomatch@^4.0.5:
  version "4.0.5"
  resolved "https://registry.npmjs.org/picomatch/-/picomatch-4.0.5.tgz"
  integrity sha512-RvwwcruNjI1ncT5xRakeyS9Lf8lcItv34KD+aif+VH9kduAyfYBipGh12274xtenIPZ119/R9BdTBa8gAwSh0A==

postcss@^8.5.17:
  version "8.5.21"
  resolved "https://registry.npmjs.org/postcss/-/postcss-8.5.21.tgz"
  integrity sha512-v4sDNP3fdNiWMfabO7OwOQdOX8TiQSztKyT1Wj0w+j7LDallJThJRBBBmzVGyYj0crMh7jlV4zepPkiNu9UwDQ==
  dependencies:
    nanoid "^3.3.16"
    picocolors "^1.1.1"
    source-map-js "^1.2.1"

protobufjs@8.7.1:
  version "8.7.1"
  resolved "https://registry.npmjs.org/protobufjs/-/protobufjs-8.7.1.tgz"
  integrity sha512-agdGHrXNTv0IrYscJPDou/PlEJk1c/hBZ9o/B5NH2i/nSPtPqacNxzgwf1CebXxFMjMrZH5sqv9uQuw96aGt/A==
  dependencies:
    long "^5.3.2"

rolldown@~1.1.5:
  version "1.1.5"
  resolved "https://registry.npmjs.org/rolldown/-/rolldown-1.1.5.tgz"
  integrity sha512-t9z29cJjXf/vxQ8dyhCSpt6H6aSwHTk8cT5I3iy6SMXuFpk5mB6PL6XfC8PCwrPTx93udwKUm9HRteAlTGBLiA==
  dependencies:
    "@oxc-project/types" "=0.139.0"
    "@rolldown/pluginutils" "^1.0.0"
  optionalDependencies:
    "@rolldown/binding-android-arm64" "1.1.5"
    "@rolldown/binding-darwin-arm64" "1.1.5"
    "@rolldown/binding-darwin-x64" "1.1.5"
    "@rolldown/binding-freebsd-x64" "1.1.5"
    "@rolldown/binding-linux-arm-gnueabihf" "1.1.5"
    "@rolldown/binding-linux-arm64-gnu" "1.1.5"
    "@rolldown/binding-linux-arm64-musl" "1.1.5"
    "@rolldown/binding-linux-ppc64-gnu" "1.1.5"
    "@rolldown/binding-linux-s390x-gnu" "1.1.5"
    "@rolldown/binding-linux-x64-gnu" "1.1.5"
    "@rolldown/binding-linux-x64-musl" "1.1.5"
    "@rolldown/binding-openharmony-arm64" "1.1.5"
    "@rolldown/binding-wasm32-wasi" "1.1.5"
    "@rolldown/binding-win32-arm64-msvc" "1.1.5"
    "@rolldown/binding-win32-x64-msvc" "1.1.5"

source-map-js@^1.2.1:
  version "1.2.1"
  resolved "https://registry.npmjs.org/source-map-js/-/source-map-js-1.2.1.tgz"
  integrity sha512-UXWMKhLOwVKb728IUtQPXxfYU+usdybtUrK/8uGE8CQMvrhOpwvzDBwj0QhSL7MQc7vIsISBG8VQ8+IDQxpfQA==

tinyglobby@^0.2.17:
  version "0.2.17"
  resolved "https://registry.npmjs.org/tinyglobby/-/tinyglobby-0.2.17.tgz"
  integrity sha512-wXR/dYpcqKmfWpEdZjiKJOwCNFndD0DMnrW/cYjVGttEkBfVgcLFHoNrlj47mjOVic9yyNu65alsgF4NQyTa2g==
  dependencies:
    fdir "^6.5.0"
    picomatch "^4.0.4"

ts-poet@^6.12.0:
  version "6.12.0"
  resolved "https://registry.npmjs.org/ts-poet/-/ts-poet-6.12.0.tgz"
  integrity sha512-xo+iRNMWqyvXpFTaOAvLPA5QAWO6TZrSUs5s4Odaya3epqofBu/fMLHEWl8jPmjhA0s9sgj9sNvF1BmaQlmQkA==
  dependencies:
    dprint-node "^1.0.8"

ts-proto-descriptors@2.1.0:
  version "2.1.0"
  resolved "https://registry.npmjs.org/ts-proto-descriptors/-/ts-proto-descriptors-2.1.0.tgz"
  integrity sha512-S5EZYEQ6L9KLFfjSRpZWDIXDV/W7tAj8uW7pLsihIxyr62EAVSiKuVPwE8iWnr849Bqa53enex1jhDUcpgquzA==
  dependencies:
    "@bufbuild/protobuf" "^2.0.0"

ts-proto@2.12.0:
  version "2.12.0"
  resolved "https://registry.npmjs.org/ts-proto/-/ts-proto-2.12.0.tgz"
  integrity sha512-ezMxg57ZiK/ZTW14U7y38+qyWHJr8cn8ELKuppANER666YnUteuNFO/mM1qI+9/wAHoTAfRadnIwtVdp1xw0jQ==
  dependencies:
    "@bufbuild/protobuf" "^2.10.2"
    case-anything "^2.1.13"
    ts-poet "^6.12.0"
    ts-proto-descriptors "2.1.0"

typescript@5.9.3:
  version "5.9.3"
  resolved "https://registry.npmjs.org/typescript/-/typescript-5.9.3.tgz"
  integrity sha512-jl1vZzPDinLr9eUt3J/t7V6FgNEw9QjvBPdysz9KfQDD41fQrC2Y4vKQdiaUpFT4bXlb1RHhLpp8wtm6M5TgSw==

vite@8.1.5:
  version "8.1.5"
  resolved "https://registry.npmjs.org/vite/-/vite-8.1.5.tgz"
  integrity sha512-7ULLwsCdYx/nRyrpiEwvqb5TFHrMVZyBt+rg/OAXT7rgj/z+DtTDyKFeLAdDkubDVDKD8jOsndmy7m55XcfUsw==
  dependencies:
    lightningcss "^1.32.0"
    picomatch "^4.0.5"
    postcss "^8.5.17"
    rolldown "~1.1.5"
    tinyglobby "^0.2.17"
  optionalDependencies:
    fsevents "~2.3.3"

wasm-feature-detect@1.8.0:
  version "1.8.0"
  resolved "https://registry.npmjs.org/wasm-feature-detect/-/wasm-feature-detect-1.8.0.tgz"
  integrity sha512-zksaLKM2fVlnB5jQQDqKXXwYHLQUVH9es+5TOOHwGOVJOCeRBCiPjwSg+3tN2AdTCzjgli4jijCH290kXb/zWQ==

zstddec@0.2.0:
  version "0.2.0"
  resolved "https://registry.npmjs.org/zstddec/-/zstddec-0.2.0.tgz"
  integrity sha512-oyPnDa1X5c13+Y7mA/FDMNJrn4S8UNBe0KCqtDmor40Re7ALrPN6npFwyYVRRh+PqozZQdeg23QtbcamZnG5rA==
